
Microsoft Visual Studio Solution File, Format Version 12.00
# Visual Studio Version 17
VisualStudioVersion = 17.3.32929.385
MinimumVisualStudioVersion = 10.0.40219.1
Project("{FAE04EC0-301F-11D3-BF4B-00C04F79EFBC}") = "Exec_BMI", "Exec_BMI\Exec_BMI.csproj", "{82606819-2433-4520-BF87-31C352CFCA4D}"
EndProject
Global
	GlobalSection(SolutionConfigurationPlatforms) = preSolution
		Debug|Any CPU = Debug|Any CPU
		Release|Any CPU = Release|Any CPU
	EndGlobalSection
	GlobalSection(ProjectConfigurationPlatforms) = postSolution
		{82606819-2433-4520-BF87-31C352CFCA4D}.Debug|Any CPU.ActiveCfg = Debug|Any CPU
		{82606819-2433-4520-BF87-31C352CFCA4D}.Debug|Any CPU.Build.0 = Debug|Any CPU
		{82606819-2433-4520-BF87-31C352CFCA4D}.Release|Any CPU.ActiveCfg = Release|Any CPU
		{82606819-2433-4520-BF87-31C352CFCA4D}.Release|Any CPU.Build.0 = Release|Any CPU
	EndGlobalSection
	GlobalSection(SolutionProperties) = preSolution
		HideSolutionNode = FALSE
	EndGlobalSection
	GlobalSection(ExtensibilityGlobals) = postSolution
		SolutionGuid = {CE2CF156-9954-4C3B-9C86-8A71AB7285CD}
	EndGlobalSection
EndGlobal
